
Microsoft Visual Studio Solution File, Format Version 12.00
# Visual Studio Version 17
VisualStudioVersion = 17.2.32602.215
MinimumVisualStudioVersion = 10.0.40219.1
Project("{FAE04EC0-301F-11D3-BF4B-00C04F79EFBC}") = "Pet-store", "Pet-store\Pet-store.csproj", "{DADC353E-2326-4FF6-9E28-C106A87579DD}"
EndProject
Global
	GlobalSection(SolutionConfigurationPlatforms) = preSolution
		Debug|Any CPU = Debug|Any CPU
		Release|Any CPU = Release|Any CPU
	EndGlobalSection
	GlobalSection(ProjectConfigurationPlatforms) = postSolution
		{DADC353E-2326-4FF6-9E28-C106A87579DD}.Debug|Any CPU.ActiveCfg = Debug|Any CPU
		{DADC353E-2326-4FF6-9E28-C106A87579DD}.Debug|Any CPU.Build.0 = Debug|Any CPU
		{DADC353E-2326-4FF6-9E28-C106A87579DD}.Release|Any CPU.ActiveCfg = Release|Any CPU
		{DADC353E-2326-4FF6-9E28-C106A87579DD}.Release|Any CPU.Build.0 = Release|Any CPU
	EndGlobalSection
	GlobalSection(SolutionProperties) = preSolution
		HideSolutionNode = FALSE
	EndGlobalSection
	GlobalSection(ExtensibilityGlobals) = postSolution
		SolutionGuid = {5CCB06F0-38B0-4F6F-9DC4-DA9CE96DC314}
	EndGlobalSection
EndGlobal
